// !$*UTF8*$!
{
	archiveVersion = 1;
	classes = {
	};
	objectVersion = 50;
	objects = {

/* Begin PBXBuildFile section */
		1935613923C2B7FE0001D969 /* AppDelegate.swift in Sources */ = {isa = PBXBuildFile; fileRef = 1935613823C2B7FE0001D969 /* AppDelegate.swift */; };
		1935613B23C2B7FE0001D969 /* SceneDelegate.swift in Sources */ = {isa = PBXBuildFile; fileRef = 1935613A23C2B7FE0001D969 /* SceneDelegate.swift */; };
		1935613D23C2B7FE0001D969 /* ViewController.swift in Sources */ = {isa = PBXBuildFile; fileRef = 1935613C23C2B7FE0001D969 /* ViewController.swift */; };
		1935614023C2B7FE0001D969 /* Main.storyboard in Resources */ = {isa = PBXBuildFile; fileRef = 1935613E23C2B7FE0001D969 /* Main.storyboard */; };
		1935614223C2B8050001D969 /* Assets.xcassets in Resources */ = {isa = PBXBuildFile; fileRef = 1935614123C2B8050001D969 /* Assets.xcassets */; };
		1935614523C2B8050001D969 /* LaunchScreen.storyboard in Resources */ = {isa = PBXBuildFile; fileRef = 1935614323C2B8050001D969 /* LaunchScreen.storyboard */; };
		1935616923C2C8A90001D969 /* ResourceModel.swift in Sources */ = {isa = PBXBuildFile; fileRef = 1935616823C2C8A90001D969 /* ResourceModel.swift */; };
		1935616F23C3A8C40001D969 /* ResourceManager.swift in Sources */ = {isa = PBXBuildFile; fileRef = 1935616E23C3A8C40001D969 /* ResourceManager.swift */; };
/* End PBXBuildFile section */

/* Begin PBXContainerItemProxy section */
		1935614C23C2B8060001D969 /* PBXContainerItemProxy */ = {
			isa = PBXContainerItemProxy;
			containerPortal = 1935612D23C2B7FD0001D969 /* Project object */;
			proxyType = 1;
			remoteGlobalIDString = 1935613423C2B7FD0001D969;
			remoteInfo = MediaMocksChallenge;
		};
		1935615723C2B8060001D969 /* PBXContainerItemProxy */ = {
			isa = PBXContainerItemProxy;
			containerPortal = 1935612D23C2B7FD0001D969 /* Project object */;
			proxyType = 1;
			remoteGlobalIDString = 1935613423C2B7FD0001D969;
			remoteInfo = MediaMocksChallenge;
		};
/* End PBXContainerItemProxy section */

/* Begin PBXFileReference section */
		1935613823C2B7FE0001D969 /* AppDelegate.swift */ = {isa = PBXFileReference; lastKnownFileType = sourcecode.swift; path = AppDelegate.swift; sourceTree = "<group>"; };
		1935613A23C2B7FE0001D969 /* SceneDelegate.swift */ = {isa = PBXFileReference; lastKnownFileType = sourcecode.swift; path = SceneDelegate.swift; sourceTree = "<group>"; };
		1935613C23C2B7FE0001D969 /* ViewController.swift */ = {isa = PBXFileReference; lastKnownFileType = sourcecode.swift; path = ViewController.swift; sourceTree = "<group>"; };
		1935613F23C2B7FE0001D969 /* Base */ = {isa = PBXFileReference; lastKnownFileType = file.storyboard; name = Base; path = Base.lproj/Main.storyboard; sourceTree = "<group>"; };
		1935614123C2B8050001D969 /* Assets.xcassets */ = {isa = PBXFileReference; lastKnownFileType = folder.assetcatalog; path = Assets.xcassets; sourceTree = "<group>"; };
		1935614423C2B8050001D969 /* Base */ = {isa = PBXFileReference; lastKnownFileType = file.storyboard; name = Base; path = Base.lproj/LaunchScreen.storyboard; sourceTree = "<group>"; };
		1935614623C2B8050001D969 /* Info.plist */ = {isa = PBXFileReference; lastKnownFileType = text.plist.xml; path = Info.plist; sourceTree = "<group>"; };
		1935616823C2C8A90001D969 /* ResourceModel.swift */ = {isa = PBXFileReference; lastKnownFileType = sourcecode.swift; path = ResourceModel.swift; sourceTree = "<group>"; };
		1935616E23C3A8C40001D969 /* ResourceManager.swift */ = {isa = PBXFileReference; lastKnownFileType = sourcecode.swift; path = ResourceManager.swift; sourceTree = "<group>"; };
		19C15B7B23C3E51D00127B34 /* MediaMocksChallenge.app */ = {isa = PBXFileReference; explicitFileType = wrapper.application; includeInIndex = 0; path = MediaMocksChallenge.app; sourceTree = BUILT_PRODUCTS_DIR; };
		19C15B7C23C3E51D00127B34 /* MediaMocksChallengeTests.xctest */ = {isa = PBXFileReference; explicitFileType = wrapper.cfbundle; includeInIndex = 0; name = MediaMocksChallengeTests.xctest; path = "/Users/z/Desktop/MediaMonksRecruitingBA/MediaMocksChallenge/build/Debug-iphoneos/MediaMocksChallengeTests.xctest"; sourceTree = "<absolute>"; };
		19C15B7D23C3E51D00127B34 /* MediaMocksChallengeUITests.xctest */ = {isa = PBXFileReference; explicitFileType = wrapper.cfbundle; includeInIndex = 0; name = MediaMocksChallengeUITests.xctest; path = "/Users/z/Desktop/MediaMonksRecruitingBA/MediaMocksChallenge/build/Debug-iphoneos/MediaMocksChallengeUITests.xctest"; sourceTree = "<absolute>"; };
/* End PBXFileReference section */

/* Begin PBXFrameworksBuildPhase section */
		1935613223C2B7FD0001D969 /* Frameworks */ = {
			isa = PBXFrameworksBuildPhase;
			buildActionMask = 2147483647;
			files = (
			);
			runOnlyForDeploymentPostprocessing = 0;
		};
		1935614823C2B8060001D969 /* Frameworks */ = {
			isa = PBXFrameworksBuildPhase;
			buildActionMask = 2147483647;
			files = (
			);
			runOnlyForDeploymentPostprocessing = 0;
		};
		1935615323C2B8060001D969 /* Frameworks */ = {
			isa = PBXFrameworksBuildPhase;
			buildActionMask = 2147483647;
			files = (
			);
			runOnlyForDeploymentPostprocessing = 0;
		};
/* End PBXFrameworksBuildPhase section */

/* Begin PBXGroup section */
		1935612C23C2B7FD0001D969 = {
			isa = PBXGroup;
			children = (
				1935613723C2B7FD0001D969 /* MediaMocksChallenge */,
				19C15B7B23C3E51D00127B34 /* MediaMocksChallenge.app */,
			);
			sourceTree = "<group>";
		};
		1935613723C2B7FD0001D969 /* MediaMocksChallenge */ = {
			isa = PBXGroup;
			children = (
				1935616C23C378440001D969 /* Model */,
				1935616B23C378340001D969 /* View */,
				1935616A23C378290001D969 /* Controller */,
				1935613823C2B7FE0001D969 /* AppDelegate.swift */,
				1935613A23C2B7FE0001D969 /* SceneDelegate.swift */,
				1935614123C2B8050001D969 /* Assets.xcassets */,
				1935614623C2B8050001D969 /* Info.plist */,
			);
			path = MediaMocksChallenge;
			sourceTree = "<group>";
		};
		1935616A23C378290001D969 /* Controller */ = {
			isa = PBXGroup;
			children = (
				1935613C23C2B7FE0001D969 /* ViewController.swift */,
			);
			path = Controller;
			sourceTree = "<group>";
		};
		1935616B23C378340001D969 /* View */ = {
			isa = PBXGroup;
			children = (
				1935614323C2B8050001D969 /* LaunchScreen.storyboard */,
				1935613E23C2B7FE0001D969 /* Main.storyboard */,
			);
			path = View;
			sourceTree = "<group>";
		};
		1935616C23C378440001D969 /* Model */ = {
			isa = PBXGroup;
			children = (
				1935616823C2C8A90001D969 /* ResourceModel.swift */,
				1935616E23C3A8C40001D969 /* ResourceManager.swift */,
			);
			path = Model;
			sourceTree = "<group>";
		};
/* End PBXGroup section */

/* Begin PBXNativeTarget section */
		1935613423C2B7FD0001D969 /* MediaMocksChallenge */ = {
			isa = PBXNativeTarget;
			buildConfigurationList = 1935615F23C2B8060001D969 /* Build configuration list for PBXNativeTarget "MediaMocksChallenge" */;
			buildPhases = (
				1935613123C2B7FD0001D969 /* Sources */,
				1935613223C2B7FD0001D969 /* Frameworks */,
				1935613323C2B7FD0001D969 /* Resources */,
			);
			buildRules = (
			);
			dependencies = (
			);
			name = MediaMocksChallenge;
			productName = MediaMocksChallenge;
			productReference = 19C15B7B23C3E51D00127B34 /* MediaMocksChallenge.app */;
			productType = "com.apple.product-type.application";
		};
		1935614A23C2B8060001D969 /* MediaMocksChallengeTests */ = {
			isa = PBXNativeTarget;
			buildConfigurationList = 1935616223C2B8060001D969 /* Build configuration list for PBXNativeTarget "MediaMocksChallengeTests" */;
			buildPhases = (
				1935614723C2B8060001D969 /* Sources */,
				1935614823C2B8060001D969 /* Frameworks */,
				1935614923C2B8060001D969 /* Resources */,
			);
			buildRules = (
			);
			dependencies = (
				1935614D23C2B8060001D969 /* PBXTargetDependency */,
			);
			name = MediaMocksChallengeTests;
			productName = MediaMocksChallengeTests;
			productReference = 19C15B7C23C3E51D00127B34 /* MediaMocksChallengeTests.xctest */;
			productType = "com.apple.product-type.bundle.unit-test";
		};
		1935615523C2B8060001D969 /* MediaMocksChallengeUITests */ = {
			isa = PBXNativeTarget;
			buildConfigurationList = 1935616523C2B8060001D969 /* Build configuration list for PBXNativeTarget "MediaMocksChallengeUITests" */;
			buildPhases = (
				1935615223C2B8060001D969 /* Sources */,
				1935615323C2B8060001D969 /* Frameworks */,
				1935615423C2B8060001D969 /* Resources */,
			);
			buildRules = (
			);
			dependencies = (
				1935615823C2B8060001D969 /* PBXTargetDependency */,
			);
			name = MediaMocksChallengeUITests;
			productName = MediaMocksChallengeUITests;
			productReference = 19C15B7D23C3E51D00127B34 /* MediaMocksChallengeUITests.xctest */;
			productType = "com.apple.product-type.bundle.ui-testing";
		};
/* End PBXNativeTarget section */

/* Begin PBXProject section */
		1935612D23C2B7FD0001D969 /* Project object */ = {
			isa = PBXProject;
			attributes = {
				LastSwiftUpdateCheck = 1130;
				LastUpgradeCheck = 1130;
				ORGANIZATIONNAME = "Alejandro De Jesus";
				TargetAttributes = {
					1935613423C2B7FD0001D969 = {
						CreatedOnToolsVersion = 11.3;
					};
					1935614A23C2B8060001D969 = {
						CreatedOnToolsVersion = 11.3;
						TestTargetID = 1935613423C2B7FD0001D969;
					};
					1935615523C2B8060001D969 = {
						CreatedOnToolsVersion = 11.3;
						TestTargetID = 1935613423C2B7FD0001D969;
					};
				};
			};
			buildConfigurationList = 1935613023C2B7FD0001D969 /* Build configuration list for PBXProject "MediaMocksChallenge" */;
			compatibilityVersion = "Xcode 9.3";
			developmentRegion = en;
			hasScannedForEncodings = 0;
			knownRegions = (
				en,
				Base,
			);
			mainGroup = 1935612C23C2B7FD0001D969;
			productRefGroup = 1935612C23C2B7FD0001D969;
			projectDirPath = "";
			projectRoot = "";
			targets = (
				1935613423C2B7FD0001D969 /* MediaMocksChallenge */,
				1935614A23C2B8060001D969 /* MediaMocksChallengeTests */,
				1935615523C2B8060001D969 /* MediaMocksChallengeUITests */,
			);
		};
/* End PBXProject section */

/* Begin PBXResourcesBuildPhase section */
		1935613323C2B7FD0001D969 /* Resources */ = {
			isa = PBXResourcesBuildPhase;
			buildActionMask = 2147483647;
			files = (
				1935614523C2B8050001D969 /* LaunchScreen.storyboard in Resources */,
				1935614223C2B8050001D969 /* Assets.xcassets in Resources */,
				1935614023C2B7FE0001D969 /* Main.storyboard in Resources */,
			);
			runOnlyForDeploymentPostprocessing = 0;
		};
		1935614923C2B8060001D969 /* Resources */ = {
			isa = PBXResourcesBuildPhase;
			buildActionMask = 2147483647;
			files = (
			);
			runOnlyForDeploymentPostprocessing = 0;
		};
		1935615423C2B8060001D969 /* Resources */ = {
			isa = PBXResourcesBuildPhase;
			buildActionMask = 2147483647;
			files = (
			);
			runOnlyForDeploymentPostprocessing = 0;
		};
/* End PBXResourcesBuildPhase section */

/* Begin PBXSourcesBuildPhase section */
		1935613123C2B7FD0001D969 /* Sources */ = {
			isa = PBXSourcesBuildPhase;
			buildActionMask = 2147483647;
			files = (
				1935613D23C2B7FE0001D969 /* ViewController.swift in Sources */,
				1935613923C2B7FE0001D969 /* AppDelegate.swift in Sources */,
				1935613B23C2B7FE0001D969 /* SceneDelegate.swift in Sources */,
				1935616923C2C8A90001D969 /* ResourceModel.swift in Sources */,
				1935616F23C3A8C40001D969 /* ResourceManager.swift in Sources */,
			);
			runOnlyForDeploymentPostprocessing = 0;
		};
		1935614723C2B8060001D969 /* Sources */ = {
			isa = PBXSourcesBuildPhase;
			buildActionMask = 2147483647;
			files = (
			);
			runOnlyForDeploymentPostprocessing = 0;
		};
		1935615223C2B8060001D969 /* Sources */ = {
			isa = PBXSourcesBuildPhase;
			buildActionMask = 2147483647;
			files = (
			);
			runOnlyForDeploymentPostprocessing = 0;
		};
/* End PBXSourcesBuildPhase section */

/* Begin PBXTargetDependency section */
		1935614D23C2B8060001D969 /* PBXTargetDependency */ = {
			isa = PBXTargetDependency;
			target = 1935613423C2B7FD0001D969 /* MediaMocksChallenge */;
			targetProxy = 1935614C23C2B8060001D969 /* PBXContainerItemProxy */;
		};
		1935615823C2B8060001D969 /* PBXTargetDependency */ = {
			isa = PBXTargetDependency;
			target = 1935613423C2B7FD0001D969 /* MediaMocksChallenge */;
			targetProxy = 1935615723C2B8060001D969 /* PBXContainerItemProxy */;
		};
/* End PBXTargetDependency section */

/* Begin PBXVariantGroup section */
		1935613E23C2B7FE0001D969 /* Main.storyboard */ = {
			isa = PBXVariantGroup;
			children = (
				1935613F23C2B7FE0001D969 /* Base */,
			);
			name = Main.storyboard;
			sourceTree = "<group>";
		};
		1935614323C2B8050001D969 /* LaunchScreen.storyboard */ = {
			isa = PBXVariantGroup;
			children = (
				1935614423C2B8050001D969 /* Base */,
			);
			name = LaunchScreen.storyboard;
			sourceTree = "<group>";
		};
/* End PBXVariantGroup section */

/* Begin XCBuildConfiguration section */
		1935615D23C2B8060001D969 /* Debug */ = {
			isa = XCBuildConfiguration;
			buildSettings = {
				ALWAYS_SEARCH_USER_PATHS = NO;
				CLANG_ANALYZER_NONNULL = YES;
				CLANG_ANALYZER_NUMBER_OBJECT_CONVERSION = YES_AGGRESSIVE;
				CLANG_CXX_LANGUAGE_STANDARD = "gnu++14";
				CLANG_CXX_LIBRARY = "libc++";
				CLANG_ENABLE_MODULES = YES;
				CLANG_ENABLE_OBJC_ARC = YES;
				CLANG_ENABLE_OBJC_WEAK = YES;
				CLANG_WARN_BLOCK_CAPTURE_AUTORELEASING = YES;
				CLANG_WARN_BOOL_CONVERSION = YES;
				CLANG_WARN_COMMA = YES;
				CLANG_WARN_CONSTANT_CONVERSION = YES;
				CLANG_WARN_DEPRECATED_OBJC_IMPLEMENTATIONS = YES;
				CLANG_WARN_DIRECT_OBJC_ISA_USAGE = YES_ERROR;
				CLANG_WARN_DOCUMENTATION_COMMENTS = YES;
				CLANG_WARN_EMPTY_BODY = YES;
				CLANG_WARN_ENUM_CONVERSION = YES;
				CLANG_WARN_INFINITE_RECURSION = YES;
				CLANG_WARN_INT_CONVERSION = YES;
				CLANG_WARN_NON_LITERAL_NULL_CONVERSION = YES;
				CLANG_WARN_OBJC_IMPLICIT_RETAIN_SELF = YES;
				CLANG_WARN_OBJC_LITERAL_CONVERSION = YES;
				CLANG_WARN_OBJC_ROOT_CLASS = YES_ERROR;
				CLANG_WARN_RANGE_LOOP_ANALYSIS = YES;
				CLANG_WARN_STRICT_PROTOTYPES = YES;
				CLANG_WARN_SUSPICIOUS_MOVE = YES;
				CLANG_WARN_UNGUARDED_AVAILABILITY = YES_AGGRESSIVE;
				CLANG_WARN_UNREACHABLE_CODE = YES;
				CLANG_WARN__DUPLICATE_METHOD_MATCH = YES;
				COPY_PHASE_STRIP = NO;
				DEBUG_INFORMATION_FORMAT = dwarf;
				ENABLE_STRICT_OBJC_MSGSEND = YES;
				ENABLE_TESTABILITY = YES;
				GCC_C_LANGUAGE_STANDARD = gnu11;
				GCC_DYNAMIC_NO_PIC = NO;
				GCC_NO_COMMON_BLOCKS = YES;
				GCC_OPTIMIZATION_LEVEL = 0;
				GCC_PREPROCESSOR_DEFINITIONS = (
					"DEBUG=1",
					"$(inherited)",
				);
				GCC_WARN_64_TO_32_BIT_CONVERSION = YES;
				GCC_WARN_ABOUT_RETURN_TYPE = YES_ERROR;
				GCC_WARN_UNDECLARED_SELECTOR = YES;
				GCC_WARN_UNINITIALIZED_AUTOS = YES_AGGRESSIVE;
				GCC_WARN_UNUSED_FUNCTION = YES;
				GCC_WARN_UNUSED_VARIABLE = YES;
				IPHONEOS_DEPLOYMENT_TARGET = 13.2;
				MTL_ENABLE_DEBUG_INFO = INCLUDE_SOURCE;
				MTL_FAST_MATH = YES;
				ONLY_ACTIVE_ARCH = YES;
				SDKROOT = iphoneos;
				SWIFT_ACTIVE_COMPILATION_CONDITIONS = DEBUG;
				SWIFT_OPTIMIZATION_LEVEL = "-Onone";
			};
			name = Debug;
		};
		1935615E23C2B8060001D969 /* Release */ = {
			isa = XCBuildConfiguration;
			buildSettings = {
				ALWAYS_SEARCH_USER_PATHS = NO;
				CLANG_ANALYZER_NONNULL = YES;
				CLANG_ANALYZER_NUMBER_OBJECT_CONVERSION = YES_AGGRESSIVE;
				CLANG_CXX_LANGUAGE_STANDARD = "gnu++14";
				CLANG_CXX_LIBRARY = "libc++";
				CLANG_ENABLE_MODULES = YES;
				CLANG_ENABLE_OBJC_ARC = YES;
				CLANG_ENABLE_OBJC_WEAK = YES;
				CLANG_WARN_BLOCK_CAPTURE_AUTORELEASING = YES;
				CLANG_WARN_BOOL_CONVERSION = YES;
				CLANG_WARN_COMMA = YES;
				CLANG_WARN_CONSTANT_CONVERSION = YES;
				CLANG_WARN_DEPRECATED_OBJC_IMPLEMENTATIONS = YES;
				CLANG_WARN_DIRECT_OBJC_ISA_USAGE = YES_ERROR;
				CLANG_WARN_DOCUMENTATION_COMMENTS = YES;
				CLANG_WARN_EMPTY_BODY = YES;
				CLANG_WARN_ENUM_CONVERSION = YES;
				CLANG_WARN_INFINITE_RECURSION = YES;
				CLANG_WARN_INT_CONVERSION = YES;
				CLANG_WARN_NON_LITERAL_NULL_CONVERSION = YES;
				CLANG_WARN_OBJC_IMPLICIT_RETAIN_SELF = YES;
				CLANG_WARN_OBJC_LITERAL_CONVERSION = YES;
				CLANG_WARN_OBJC_ROOT_CLASS = YES_ERROR;
				CLANG_WARN_RANGE_LOOP_ANALYSIS = YES;
				CLANG_WARN_STRICT_PROTOTYPES = YES;
				CLANG_WARN_SUSPICIOUS_MOVE = YES;
				CLANG_WARN_UNGUARDED_AVAILABILITY = YES_AGGRESSIVE;
				CLANG_WARN_UNREACHABLE_CODE = YES;
				CLANG_WARN__DUPLICATE_METHOD_MATCH = YES;
				COPY_PHASE_STRIP = NO;
				DEBUG_INFORMATION_FORMAT = "dwarf-with-dsym";
				ENABLE_NS_ASSERTIONS = NO;
				ENABLE_STRICT_OBJC_MSGSEND = YES;
				GCC_C_LANGUAGE_STANDARD = gnu11;
				GCC_NO_COMMON_BLOCKS = YES;
				GCC_WARN_64_TO_32_BIT_CONVERSION = YES;
				GCC_WARN_ABOUT_RETURN_TYPE = YES_ERROR;
				GCC_WARN_UNDECLARED_SELECTOR = YES;
				GCC_WARN_UNINITIALIZED_AUTOS = YES_AGGRESSIVE;
				GCC_WARN_UNUSED_FUNCTION = YES;
				GCC_WARN_UNUSED_VARIABLE = YES;
				IPHONEOS_DEPLOYMENT_TARGET = 13.2;
				MTL_ENABLE_DEBUG_INFO = NO;
				MTL_FAST_MATH = YES;
				SDKROOT = iphoneos;
				SWIFT_COMPILATION_MODE = wholemodule;
				SWIFT_OPTIMIZATION_LEVEL = "-O";
				VALIDATE_PRODUCT = YES;
			};
			name = Release;
		};
		1935616023C2B8060001D969 /* Debug */ = {
			isa = XCBuildConfiguration;
			buildSettings = {
				ASSETCATALOG_COMPILER_APPICON_NAME = AppIcon;
				CODE_SIGN_STYLE = Automatic;
				DEVELOPMENT_TEAM = DTJLZH295U;
				INFOPLIST_FILE = MediaMocksChallenge/Info.plist;
				LD_RUNPATH_SEARCH_PATHS = (
					"$(inherited)",
					"@executable_path/Frameworks",
				);
				PRODUCT_BUNDLE_IDENTIFIER = Alejandro.MediaMocksChallenge;
				PRODUCT_NAME = "$(TARGET_NAME)";
				SWIFT_VERSION = 5.0;
				TARGETED_DEVICE_FAMILY = "1,2";
			};
			name = Debug;
		};
		1935616123C2B8060001D969 /* Release */ = {
			isa = XCBuildConfiguration;
			buildSettings = {
				ASSETCATALOG_COMPILER_APPICON_NAME = AppIcon;
				CODE_SIGN_STYLE = Automatic;
				DEVELOPMENT_TEAM = DTJLZH295U;
				INFOPLIST_FILE = MediaMocksChallenge/Info.plist;
				LD_RUNPATH_SEARCH_PATHS = (
					"$(inherited)",
					"@executable_path/Frameworks",
				);
				PRODUCT_BUNDLE_IDENTIFIER = Alejandro.MediaMocksChallenge;
				PRODUCT_NAME = "$(TARGET_NAME)";
				SWIFT_VERSION = 5.0;
				TARGETED_DEVICE_FAMILY = "1,2";
			};
			name = Release;
		};
		1935616323C2B8060001D969 /* Debug */ = {
			isa = XCBuildConfiguration;
			buildSettings = {
				ALWAYS_EMBED_SWIFT_STANDARD_LIBRARIES = YES;
				BUNDLE_LOADER = "$(TEST_HOST)";
				CODE_SIGN_STYLE = Automatic;
				DEVELOPMENT_TEAM = DTJLZH295U;
				INFOPLIST_FILE = MediaMocksChallengeTests/Info.plist;
				IPHONEOS_DEPLOYMENT_TARGET = 13.2;
				LD_RUNPATH_SEARCH_PATHS = (
					"$(inherited)",
					"@executable_path/Frameworks",
					"@loader_path/Frameworks",
				);
				PRODUCT_BUNDLE_IDENTIFIER = Alejandro.MediaMocksChallengeTests;
				PRODUCT_NAME = "$(TARGET_NAME)";
				SWIFT_VERSION = 5.0;
				TARGETED_DEVICE_FAMILY = "1,2";
				TEST_HOST = "$(BUILT_PRODUCTS_DIR)/MediaMocksChallenge.app/MediaMocksChallenge";
			};
			name = Debug;
		};
		1935616423C2B8060001D969 /* Release */ = {
			isa = XCBuildConfiguration;
			buildSettings = {
				ALWAYS_EMBED_SWIFT_STANDARD_LIBRARIES = YES;
				BUNDLE_LOADER = "$(TEST_HOST)";
				CODE_SIGN_STYLE = Automatic;
				DEVELOPMENT_TEAM = DTJLZH295U;
				INFOPLIST_FILE = MediaMocksChallengeTests/Info.plist;
				IPHONEOS_DEPLOYMENT_TARGET = 13.2;
				LD_RUNPATH_SEARCH_PATHS = (
					"$(inherited)",
					"@executable_path/Frameworks",
					"@loader_path/Frameworks",
				);
				PRODUCT_BUNDLE_IDENTIFIER = Alejandro.MediaMocksChallengeTests;
				PRODUCT_NAME = "$(TARGET_NAME)";
				SWIFT_VERSION = 5.0;
				TARGETED_DEVICE_FAMILY = "1,2";
				TEST_HOST = "$(BUILT_PRODUCTS_DIR)/MediaMocksChallenge.app/MediaMocksChallenge";
			};
			name = Release;
		};
		1935616623C2B8060001D969 /* Debug */ = {
			isa = XCBuildConfiguration;
			buildSettings = {
				ALWAYS_EMBED_SWIFT_STANDARD_LIBRARIES = YES;
				CODE_SIGN_STYLE = Automatic;
				DEVELOPMENT_TEAM = DTJLZH295U;
				INFOPLIST_FILE = MediaMocksChallengeUITests/Info.plist;
				LD_RUNPATH_SEARCH_PATHS = (
					"$(inherited)",
					"@executable_path/Frameworks",
					"@loader_path/Frameworks",
				);
				PRODUCT_BUNDLE_IDENTIFIER = Alejandro.MediaMocksChallengeUITests;
				PRODUCT_NAME = "$(TARGET_NAME)";
				SWIFT_VERSION = 5.0;
				TARGETED_DEVICE_FAMILY = "1,2";
				TEST_TARGET_NAME = MediaMocksChallenge;
			};
			name = Debug;
		};
		1935616723C2B8060001D969 /* Release */ = {
			isa = XCBuildConfiguration;
			buildSettings = {
				ALWAYS_EMBED_SWIFT_STANDARD_LIBRARIES = YES;
				CODE_SIGN_STYLE = Automatic;
				DEVELOPMENT_TEAM = DTJLZH295U;
				INFOPLIST_FILE = MediaMocksChallengeUITests/Info.plist;
				LD_RUNPATH_SEARCH_PATHS = (
					"$(inherited)",
					"@executable_path/Frameworks",
					"@loader_path/Frameworks",
				);
				PRODUCT_BUNDLE_IDENTIFIER = Alejandro.MediaMocksChallengeUITests;
				PRODUCT_NAME = "$(TARGET_NAME)";
				SWIFT_VERSION = 5.0;
				TARGETED_DEVICE_FAMILY = "1,2";
				TEST_TARGET_NAME = MediaMocksChallenge;
			};
			name = Release;
		};
/* End XCBuildConfiguration section */

/* Begin XCConfigurationList section */
		1935613023C2B7FD0001D969 /* Build configuration list for PBXProject "MediaMocksChallenge" */ = {
			isa = XCConfigurationList;
			buildConfigurations = (
				1935615D23C2B8060001D969 /* Debug */,
				1935615E23C2B8060001D969 /* Release */,
			);
			defaultConfigurationIsVisible = 0;
			defaultConfigurationName = Release;
		};
		1935615F23C2B8060001D969 /* Build configuration list for PBXNativeTarget "MediaMocksChallenge" */ = {
			isa = XCConfigurationList;
			buildConfigurations = (
				1935616023C2B8060001D969 /* Debug */,
				1935616123C2B8060001D969 /* Release */,
			);
			defaultConfigurationIsVisible = 0;
			defaultConfigurationName = Release;
		};
		1935616223C2B8060001D969 /* Build configuration list for PBXNativeTarget "MediaMocksChallengeTests" */ = {
			isa = XCConfigurationList;
			buildConfigurations = (
				1935616323C2B8060001D969 /* Debug */,
				1935616423C2B8060001D969 /* Release */,
			);
			defaultConfigurationIsVisible = 0;
			defaultConfigurationName = Release;
		};
		1935616523C2B8060001D969 /* Build configuration list for PBXNativeTarget "MediaMocksChallengeUITests" */ = {
			isa = XCConfigurationList;
			buildConfigurations = (
				1935616623C2B8060001D969 /* Debug */,
				1935616723C2B8060001D969 /* Release */,
			);
			defaultConfigurationIsVisible = 0;
			defaultConfigurationName = Release;
		};
/* End XCConfigurationList section */
	};
	rootObject = 1935612D23C2B7FD0001D969 /* Project object */;
}
